// !$*UTF8*$!
{
	archiveVersion = 1;
	classes = {
	};
	objectVersion = 46;
	objects = {

/* Begin PBXBuildFile section */
		880252E51DFE7DA4001382E2 /* main.m in Sources */ = {isa = PBXBuildFile; fileRef = 880252E41DFE7DA4001382E2 /* main.m */; };
		880252E81DFE7DA4001382E2 /* AppDelegate.m in Sources */ = {isa = PBXBuildFile; fileRef = 880252E71DFE7DA4001382E2 /* AppDelegate.m */; };
		880252EB1DFE7DA4001382E2 /* ViewController.m in Sources */ = {isa = PBXBuildFile; fileRef = 880252EA1DFE7DA4001382E2 /* ViewController.m */; };
		880252EE1DFE7DA4001382E2 /* Main.storyboard in Resources */ = {isa = PBXBuildFile; fileRef = 880252EC1DFE7DA4001382E2 /* Main.storyboard */; };
		880252F01DFE7DA4001382E2 /* Assets.xcassets in Resources */ = {isa = PBXBuildFile; fileRef = 880252EF1DFE7DA4001382E2 /* Assets.xcassets */; };
		880252F31DFE7DA4001382E2 /* LaunchScreen.storyboard in Resources */ = {isa = PBXBuildFile; fileRef = 880252F11DFE7DA4001382E2 /* LaunchScreen.storyboard */; };
		880252FC1DFE7DCB001382E2 /* WSColorImageView.m in Sources */ = {isa = PBXBuildFile; fileRef = 880252FB1DFE7DCB001382E2 /* WSColorImageView.m */; };
		880252FE1DFE7DD5001382E2 /* palette.png in Resources */ = {isa = PBXBuildFile; fileRef = 880252FD1DFE7DD5001382E2 /* palette.png */; };
/* End PBXBuildFile section */

/* Begin PBXFileReference section */
		880252E01DFE7DA4001382E2 /* ColorPicker.app */ = {isa = PBXFileReference; explicitFileType = wrapper.application; includeInIndex = 0; path = ColorPicker.app; sourceTree = BUILT_PRODUCTS_DIR; };
		880252E41DFE7DA4001382E2 /* main.m */ = {isa = PBXFileReference; lastKnownFileType = sourcecode.c.objc; path = main.m; sourceTree = "<group>"; };
		880252E61DFE7DA4001382E2 /* AppDelegate.h */ = {isa = PBXFileReference; lastKnownFileType = sourcecode.c.h; path = AppDelegate.h; sourceTree = "<group>"; };
		880252E71DFE7DA4001382E2 /* AppDelegate.m */ = {isa = PBXFileReference; lastKnownFileType = sourcecode.c.objc; path = AppDelegate.m; sourceTree = "<group>"; };
		880252E91DFE7DA4001382E2 /* ViewController.h */ = {isa = PBXFileReference; lastKnownFileType = sourcecode.c.h; path = ViewController.h; sourceTree = "<group>"; };
		880252EA1DFE7DA4001382E2 /* ViewController.m */ = {isa = PBXFileReference; lastKnownFileType = sourcecode.c.objc; path = ViewController.m; sourceTree = "<group>"; };
		880252ED1DFE7DA4001382E2 /* Base */ = {isa = PBXFileReference; lastKnownFileType = file.storyboard; name = Base; path = Base.lproj/Main.storyboard; sourceTree = "<group>"; };
		880252EF1DFE7DA4001382E2 /* Assets.xcassets */ = {isa = PBXFileReference; lastKnownFileType = folder.assetcatalog; path = Assets.xcassets; sourceTree = "<group>"; };
		880252F21DFE7DA4001382E2 /* Base */ = {isa = PBXFileReference; lastKnownFileType = file.storyboard; name = Base; path = Base.lproj/LaunchScreen.storyboard; sourceTree = "<group>"; };
		880252F41DFE7DA4001382E2 /* Info.plist */ = {isa = PBXFileReference; lastKnownFileType = text.plist.xml; path = Info.plist; sourceTree = "<group>"; };
		880252FA1DFE7DCB001382E2 /* WSColorImageView.h */ = {isa = PBXFileReference; fileEncoding = 4; lastKnownFileType = sourcecode.c.h; path = WSColorImageView.h; sourceTree = "<group>"; };
		880252FB1DFE7DCB001382E2 /* WSColorImageView.m */ = {isa = PBXFileReference; fileEncoding = 4; lastKnownFileType = sourcecode.c.objc; path = WSColorImageView.m; sourceTree = "<group>"; };
		880252FD1DFE7DD5001382E2 /* palette.png */ = {isa = PBXFileReference; lastKnownFileType = image.png; path = palette.png; sourceTree = "<group>"; };
/* End PBXFileReference section */

/* Begin PBXFrameworksBuildPhase section */
		880252DD1DFE7DA4001382E2 /* Frameworks */ = {
			isa = PBXFrameworksBuildPhase;
			buildActionMask = 2147483647;
			files = (
			);
			runOnlyForDeploymentPostprocessing = 0;
		};
/* End PBXFrameworksBuildPhase section */

/* Begin PBXGroup section */
		880252D71DFE7DA4001382E2 = {
			isa = PBXGroup;
			children = (
				880252E21DFE7DA4001382E2 /* ColorPicker */,
				880252E11DFE7DA4001382E2 /* Products */,
			);
			sourceTree = "<group>";
		};
		880252E11DFE7DA4001382E2 /* Products */ = {
			isa = PBXGroup;
			children = (
				880252E01DFE7DA4001382E2 /* ColorPicker.app */,
			);
			name = Products;
			sourceTree = "<group>";
		};
		880252E21DFE7DA4001382E2 /* ColorPicker */ = {
			isa = PBXGroup;
			children = (
				880252E61DFE7DA4001382E2 /* AppDelegate.h */,
				880252E71DFE7DA4001382E2 /* AppDelegate.m */,
				880252E91DFE7DA4001382E2 /* ViewController.h */,
				880252EA1DFE7DA4001382E2 /* ViewController.m */,
				880252FA1DFE7DCB001382E2 /* WSColorImageView.h */,
				880252FB1DFE7DCB001382E2 /* WSColorImageView.m */,
				880252FD1DFE7DD5001382E2 /* palette.png */,
				880252EC1DFE7DA4001382E2 /* Main.storyboard */,
				880252EF1DFE7DA4001382E2 /* Assets.xcassets */,
				880252F11DFE7DA4001382E2 /* LaunchScreen.storyboard */,
				880252F41DFE7DA4001382E2 /* Info.plist */,
				880252E31DFE7DA4001382E2 /* Supporting Files */,
			);
			path = ColorPicker;
			sourceTree = "<group>";
		};
		880252E31DFE7DA4001382E2 /* Supporting Files */ = {
			isa = PBXGroup;
			children = (
				880252E41DFE7DA4001382E2 /* main.m */,
			);
			name = "Supporting Files";
			sourceTree = "<group>";
		};
/* End PBXGroup section */

/* Begin PBXNativeTarget section */
		880252DF1DFE7DA4001382E2 /* ColorPicker */ = {
			isa = PBXNativeTarget;
			buildConfigurationList = 880252F71DFE7DA4001382E2 /* Build configuration list for PBXNativeTarget "ColorPicker" */;
			buildPhases = (
				880252DC1DFE7DA4001382E2 /* Sources */,
				880252DD1DFE7DA4001382E2 /* Frameworks */,
				880252DE1DFE7DA4001382E2 /* Resources */,
			);
			buildRules = (
			);
			dependencies = (
			);
			name = ColorPicker;
			productName = ColorPicker;
			productReference = 880252E01DFE7DA4001382E2 /* ColorPicker.app */;
			productType = "com.apple.product-type.application";
		};
/* End PBXNativeTarget section */

/* Begin PBXProject section */
		880252D81DFE7DA4001382E2 /* Project object */ = {
			isa = PBXProject;
			attributes = {
				LastUpgradeCheck = 0730;
				ORGANIZATIONNAME = zws;
				TargetAttributes = {
					880252DF1DFE7DA4001382E2 = {
						CreatedOnToolsVersion = 7.3.1;
					};
				};
			};
			buildConfigurationList = 880252DB1DFE7DA4001382E2 /* Build configuration list for PBXProject "ColorPicker" */;
			compatibilityVersion = "Xcode 3.2";
			developmentRegion = English;
			hasScannedForEncodings = 0;
			knownRegions = (
				en,
				Base,
			);
			mainGroup = 880252D71DFE7DA4001382E2;
			productRefGroup = 880252E11DFE7DA4001382E2 /* Products */;
			projectDirPath = "";
			projectRoot = "";
			targets = (
				880252DF1DFE7DA4001382E2 /* ColorPicker */,
			);
		};
/* End PBXProject section */

/* Begin PBXResourcesBuildPhase section */
		880252DE1DFE7DA4001382E2 /* Resources */ = {
			isa = PBXResourcesBuildPhase;
			buildActionMask = 2147483647;
			files = (
				880252F31DFE7DA4001382E2 /* LaunchScreen.storyboard in Resources */,
				880252FE1DFE7DD5001382E2 /* palette.png in Resources */,
				880252F01DFE7DA4001382E2 /* Assets.xcassets in Resources */,
				880252EE1DFE7DA4001382E2 /* Main.storyboard in Resources */,
			);
			runOnlyForDeploymentPostprocessing = 0;
		};
/* End PBXResourcesBuildPhase section */

/* Begin PBXSourcesBuildPhase section */
		880252DC1DFE7DA4001382E2 /* Sources */ = {
			isa = PBXSourcesBuildPhase;
			buildActionMask = 2147483647;
			files = (
				880252FC1DFE7DCB001382E2 /* WSColorImageView.m in Sources */,
				880252EB1DFE7DA4001382E2 /* ViewController.m in Sources */,
				880252E81DFE7DA4001382E2 /* AppDelegate.m in Sources */,
				880252E51DFE7DA4001382E2 /* main.m in Sources */,
			);
			runOnlyForDeploymentPostprocessing = 0;
		};
/* End PBXSourcesBuildPhase section */

/* Begin PBXVariantGroup section */
		880252EC1DFE7DA4001382E2 /* Main.storyboard */ = {
			isa = PBXVariantGroup;
			children = (
				880252ED1DFE7DA4001382E2 /* Base */,
			);
			name = Main.storyboard;
			sourceTree = "<group>";
		};
		880252F11DFE7DA4001382E2 /* LaunchScreen.storyboard */ = {
			isa = PBXVariantGroup;
			children = (
				880252F21DFE7DA4001382E2 /* Base */,
			);
			name = LaunchScreen.storyboard;
			sourceTree = "<group>";
		};
/* End PBXVariantGroup section */

/* Begin XCBuildConfiguration section */
		880252F51DFE7DA4001382E2 /* Debug */ = {
			isa = XCBuildConfiguration;
			buildSettings = {
				ALWAYS_SEARCH_USER_PATHS = NO;
				CLANG_ANALYZER_NONNULL = YES;
				CLANG_CXX_LANGUAGE_STANDARD = "gnu++0x";
				CLANG_CXX_LIBRARY = "libc++";
				CLANG_ENABLE_MODULES = YES;
				CLANG_ENABLE_OBJC_ARC = YES;
				CLANG_WARN_BOOL_CONVERSION = YES;
				CLANG_WARN_CONSTANT_CONVERSION = YES;
				CLANG_WARN_DIRECT_OBJC_ISA_USAGE = YES_ERROR;
				CLANG_WARN_EMPTY_BODY = YES;
				CLANG_WARN_ENUM_CONVERSION = YES;
				CLANG_WARN_INT_CONVERSION = YES;
				CLANG_WARN_OBJC_ROOT_CLASS = YES_ERROR;
				CLANG_WARN_UNREACHABLE_CODE = YES;
				CLANG_WARN__DUPLICATE_METHOD_MATCH = YES;
				"CODE_SIGN_IDENTITY[sdk=iphoneos*]" = "iPhone Developer";
				COPY_PHASE_STRIP = NO;
				DEBUG_INFORMATION_FORMAT = dwarf;
				ENABLE_STRICT_OBJC_MSGSEND = YES;
				ENABLE_TESTABILITY = YES;
				GCC_C_LANGUAGE_STANDARD = gnu99;
				GCC_DYNAMIC_NO_PIC = NO;
				GCC_NO_COMMON_BLOCKS = YES;
				GCC_OPTIMIZATION_LEVEL = 0;
				GCC_PREPROCESSOR_DEFINITIONS = (
					"DEBUG=1",
					"$(inherited)",
				);
				GCC_WARN_64_TO_32_BIT_CONVERSION = YES;
				GCC_WARN_ABOUT_RETURN_TYPE = YES_ERROR;
				GCC_WARN_UNDECLARED_SELECTOR = YES;
				GCC_WARN_UNINITIALIZED_AUTOS = YES_AGGRESSIVE;
				GCC_WARN_UNUSED_FUNCTION = YES;
				GCC_WARN_UNUSED_VARIABLE = YES;
				IPHONEOS_DEPLOYMENT_TARGET = 9.3;
				MTL_ENABLE_DEBUG_INFO = YES;
				ONLY_ACTIVE_ARCH = YES;
				SDKROOT = iphoneos;
			};
			name = Debug;
		};
		880252F61DFE7DA4001382E2 /* Release */ = {
			isa = XCBuildConfiguration;
			buildSettings = {
				ALWAYS_SEARCH_USER_PATHS = NO;
				CLANG_ANALYZER_NONNULL = YES;
				CLANG_CXX_LANGUAGE_STANDARD = "gnu++0x";
				CLANG_CXX_LIBRARY = "libc++";
				CLANG_ENABLE_MODULES = YES;
				CLANG_ENABLE_OBJC_ARC = YES;
				CLANG_WARN_BOOL_CONVERSION = YES;
				CLANG_WARN_CONSTANT_CONVERSION = YES;
				CLANG_WARN_DIRECT_OBJC_ISA_USAGE = YES_ERROR;
				CLANG_WARN_EMPTY_BODY = YES;
				CLANG_WARN_ENUM_CONVERSION = YES;
				CLANG_WARN_INT_CONVERSION = YES;
				CLANG_WARN_OBJC_ROOT_CLASS = YES_ERROR;
				CLANG_WARN_UNREACHABLE_CODE = YES;
				CLANG_WARN__DUPLICATE_METHOD_MATCH = YES;
				"CODE_SIGN_IDENTITY[sdk=iphoneos*]" = "iPhone Developer";
				COPY_PHASE_STRIP = NO;
				DEBUG_INFORMATION_FORMAT = "dwarf-with-dsym";
				ENABLE_NS_ASSERTIONS = NO;
				ENABLE_STRICT_OBJC_MSGSEND = YES;
				GCC_C_LANGUAGE_STANDARD = gnu99;
				GCC_NO_COMMON_BLOCKS = YES;
				GCC_WARN_64_TO_32_BIT_CONVERSION = YES;
				GCC_WARN_ABOUT_RETURN_TYPE = YES_ERROR;
				GCC_WARN_UNDECLARED_SELECTOR = YES;
				GCC_WARN_UNINITIALIZED_AUTOS = YES_AGGRESSIVE;
				GCC_WARN_UNUSED_FUNCTION = YES;
				GCC_WARN_UNUSED_VARIABLE = YES;
				IPHONEOS_DEPLOYMENT_TARGET = 9.3;
				MTL_ENABLE_DEBUG_INFO = NO;
				SDKROOT = iphoneos;
				VALIDATE_PRODUCT = YES;
			};
			name = Release;
		};
		880252F81DFE7DA4001382E2 /* Debug */ = {
			isa = XCBuildConfiguration;
			buildSettings = {
				ASSETCATALOG_COMPILER_APPICON_NAME = AppIcon;
				INFOPLIST_FILE = ColorPicker/Info.plist;
				LD_RUNPATH_SEARCH_PATHS = "$(inherited) @executable_path/Frameworks";
				PRODUCT_BUNDLE_IDENTIFIER = com.sinfotek.ColorPicker;
				PRODUCT_NAME = "$(TARGET_NAME)";
			};
			name = Debug;
		};
		880252F91DFE7DA4001382E2 /* Release */ = {
			isa = XCBuildConfiguration;
			buildSettings = {
				ASSETCATALOG_COMPILER_APPICON_NAME = AppIcon;
				INFOPLIST_FILE = ColorPicker/Info.plist;
				LD_RUNPATH_SEARCH_PATHS = "$(inherited) @executable_path/Frameworks";
				PRODUCT_BUNDLE_IDENTIFIER = com.sinfotek.ColorPicker;
				PRODUCT_NAME = "$(TARGET_NAME)";
			};
			name = Release;
		};
/* End XCBuildConfiguration section */

/* Begin XCConfigurationList section */
		880252DB1DFE7DA4001382E2 /* Build configuration list for PBXProject "ColorPicker" */ = {
			isa = XCConfigurationList;
			buildConfigurations = (
				880252F51DFE7DA4001382E2 /* Debug */,
				880252F61DFE7DA4001382E2 /* Release */,
			);
			defaultConfigurationIsVisible = 0;
			defaultConfigurationName = Release;
		};
		880252F71DFE7DA4001382E2 /* Build configuration list for PBXNativeTarget "ColorPicker" */ = {
			isa = XCConfigurationList;
			buildConfigurations = (
				880252F81DFE7DA4001382E2 /* Debug */,
				880252F91DFE7DA4001382E2 /* Release */,
			);
			defaultConfigurationIsVisible = 0;
		};
/* End XCConfigurationList section */
	};
	rootObject = 880252D81DFE7DA4001382E2 /* Project object */;
}
